
Microsoft Visual Studio Solution File, Format Version 12.00
# Visual Studio Version 17
VisualStudioVersion = 17.5.002.0
MinimumVisualStudioVersion = 10.0.40219.1
Project("{9A19103F-16F7-4668-BE54-9A1E7A4F7556}") = "ClubSoft", "ClubSoft.csproj", "{C9E28D8F-1C96-4BA7-8DE8-3DDA07813AAF}"
EndProject
Global
	GlobalSection(SolutionConfigurationPlatforms) = preSolution
		Debug|Any CPU = Debug|Any CPU
		Release|Any CPU = Release|Any CPU
	EndGlobalSection
	GlobalSection(ProjectConfigurationPlatforms) = postSolution
		{C9E28D8F-1C96-4BA7-8DE8-3DDA07813AAF}.Debug|Any CPU.ActiveCfg = Debug|Any CPU
		{C9E28D8F-1C96-4BA7-8DE8-3DDA07813AAF}.Debug|Any CPU.Build.0 = Debug|Any CPU
		{C9E28D8F-1C96-4BA7-8DE8-3DDA07813AAF}.Release|Any CPU.ActiveCfg = Release|Any CPU
		{C9E28D8F-1C96-4BA7-8DE8-3DDA07813AAF}.Release|Any CPU.Build.0 = Release|Any CPU
	EndGlobalSection
	GlobalSection(SolutionProperties) = preSolution
		HideSolutionNode = FALSE
	EndGlobalSection
	GlobalSection(ExtensibilityGlobals) = postSolution
		SolutionGuid = {B487759E-D030-47CC-B42E-8061DB915496}
	EndGlobalSection
EndGlobal
